// !$*UTF8*$!
{
	archiveVersion = 1;
	classes = {
	};
	objectVersion = 77;
	objects = {

/* Begin PBXContainerItemProxy section */
		AA7000000000000000000002 /* PBXContainerItemProxy */ = {
			isa = PBXContainerItemProxy;
			containerPortal = AA1000000000000000000001 /* Project object */;
			proxyType = 1;
			remoteGlobalIDString = AA5000000000000000000002;
			remoteInfo = TaskManagerDaemon;
		};
		AA7000000000000000000004 /* PBXContainerItemProxy */ = {
			isa = PBXContainerItemProxy;
			containerPortal = AA1000000000000000000001 /* Project object */;
			proxyType = 1;
			remoteGlobalIDString = AA5000000000000000000001;
			remoteInfo = TaskManager;
		};
/* End PBXContainerItemProxy section */

/* Begin PBXFileReference section */
		AA2000000000000000000004 /* TaskManager.app */ = {isa = PBXFileReference; explicitFileType = wrapper.application; includeInIndex = 0; path = TaskManager.app; sourceTree = BUILT_PRODUCTS_DIR; };
		AA2000000000000000000005 /* TaskManagerDaemon */ = {isa = PBXFileReference; explicitFileType = "compiled.mach-o.executable"; includeInIndex = 0; path = TaskManagerDaemon; sourceTree = BUILT_PRODUCTS_DIR; };
		AA2000000000000000000007 /* Signing.xcconfig */ = {isa = PBXFileReference; lastKnownFileType = text.xcconfig; path = Signing.xcconfig; sourceTree = "<group>"; };
		AA2000000000000000000006 /* TaskManagerTests.xctest */ = {isa = PBXFileReference; explicitFileType = wrapper.cfbundle; includeInIndex = 0; path = TaskManagerTests.xctest; sourceTree = BUILT_PRODUCTS_DIR; };
/* End PBXFileReference section */

/* Begin PBXFileSystemSynchronizedBuildFileExceptionSet section */
		AA9000000000000000000001 /* Exceptions for "TaskManager/App" folder in "TaskManager" target */ = {
			isa = PBXFileSystemSynchronizedBuildFileExceptionSet;
			membershipExceptions = (
				"Info.plist",
				"TaskManager.entitlements",
			);
			target = AA5000000000000000000001 /* TaskManager */;
		};
		AA9000000000000000000002 /* Exceptions for "TaskManager/Daemon" folder in "TaskManagerDaemon" target */ = {
			isa = PBXFileSystemSynchronizedBuildFileExceptionSet;
			membershipExceptions = (
				"Info.plist",
				"TaskManagerDaemon.entitlements",
				"com.brianwong.taskmanager.daemon.plist",
			);
			target = AA5000000000000000000002 /* TaskManagerDaemon */;
		};
/* End PBXFileSystemSynchronizedBuildFileExceptionSet section */

/* Begin PBXFileSystemSynchronizedRootGroup section */
		AA3000000000000000000001 /* App */ = {
			isa = PBXFileSystemSynchronizedRootGroup;
			exceptions = (
				AA9000000000000000000001 /* Exceptions for "TaskManager/App" folder in "TaskManager" target */,
			);
			explicitFileTypes = {
			};
			explicitFolders = (
			);
			path = App;
			sourceTree = "<group>";
		};
		AA3000000000000000000002 /* UI */ = {
			isa = PBXFileSystemSynchronizedRootGroup;
			explicitFileTypes = {
			};
			explicitFolders = (
			);
			path = UI;
			sourceTree = "<group>";
		};
		AA3000000000000000000003 /* Data */ = {
			isa = PBXFileSystemSynchronizedRootGroup;
			explicitFileTypes = {
			};
			explicitFolders = (
			);
			path = Data;
			sourceTree = "<group>";
		};
		AA3000000000000000000004 /* Elevation */ = {
			isa = PBXFileSystemSynchronizedRootGroup;
			explicitFileTypes = {
			};
			explicitFolders = (
			);
			path = Elevation;
			sourceTree = "<group>";
		};
		AA3000000000000000000005 /* Startup */ = {
			isa = PBXFileSystemSynchronizedRootGroup;
			explicitFileTypes = {
			};
			explicitFolders = (
			);
			path = Startup;
			sourceTree = "<group>";
		};
		AA3000000000000000000006 /* Shared */ = {
			isa = PBXFileSystemSynchronizedRootGroup;
			explicitFileTypes = {
			};
			explicitFolders = (
			);
			path = Shared;
			sourceTree = "<group>";
		};
		AA3000000000000000000007 /* Daemon */ = {
			isa = PBXFileSystemSynchronizedRootGroup;
			exceptions = (
				AA9000000000000000000002 /* Exceptions for "TaskManager/Daemon" folder in "TaskManagerDaemon" target */,
			);
			explicitFileTypes = {
			};
			explicitFolders = (
			);
			path = Daemon;
			sourceTree = "<group>";
		};
		AA3000000000000000000008 /* TaskManagerTests */ = {
			isa = PBXFileSystemSynchronizedRootGroup;
			explicitFileTypes = {
			};
			explicitFolders = (
			);
			path = TaskManagerTests;
			sourceTree = "<group>";
		};
/* End PBXFileSystemSynchronizedRootGroup section */

/* Begin PBXFrameworksBuildPhase section */
		AA6000000000000000000002 /* Frameworks */ = {
			isa = PBXFrameworksBuildPhase;
			buildActionMask = 2147483647;
			files = (
			);
			runOnlyForDeploymentPostprocessing = 0;
		};
		AA6000000000000000000012 /* Frameworks */ = {
			isa = PBXFrameworksBuildPhase;
			buildActionMask = 2147483647;
			files = (
			);
			runOnlyForDeploymentPostprocessing = 0;
		};
		AA6000000000000000000022 /* Frameworks */ = {
			isa = PBXFrameworksBuildPhase;
			buildActionMask = 2147483647;
			files = (
			);
			runOnlyForDeploymentPostprocessing = 0;
		};
/* End PBXFrameworksBuildPhase section */

/* Begin PBXGroup section */
		AA2000000000000000000002 = {
			isa = PBXGroup;
			children = (
				AA3000000000000000000001 /* App */,
				AA3000000000000000000002 /* UI */,
				AA3000000000000000000003 /* Data */,
				AA3000000000000000000004 /* Elevation */,
				AA3000000000000000000005 /* Startup */,
				AA3000000000000000000006 /* Shared */,
				AA3000000000000000000007 /* Daemon */,
				AA3000000000000000000008 /* TaskManagerTests */,
				AA2000000000000000000007 /* Signing.xcconfig */,
				AA2000000000000000000003 /* Products */,
			);
			sourceTree = "<group>";
		};
		AA2000000000000000000003 /* Products */ = {
			isa = PBXGroup;
			children = (
				AA2000000000000000000004 /* TaskManager.app */,
				AA2000000000000000000005 /* TaskManagerDaemon */,
				AA2000000000000000000006 /* TaskManagerTests.xctest */,
			);
			name = Products;
			sourceTree = "<group>";
		};
/* End PBXGroup section */

/* Begin PBXNativeTarget section */
		AA5000000000000000000001 /* TaskManager */ = {
			isa = PBXNativeTarget;
			buildConfigurationList = AA8000000000000000000013 /* Build configuration list for PBXNativeTarget "TaskManager" */;
			buildPhases = (
				AA6000000000000000000001 /* Sources */,
				AA6000000000000000000002 /* Frameworks */,
				AA6000000000000000000003 /* Resources */,
				AA6000000000000000000004 /* Embed privileged daemon */,
			);
			buildRules = (
			);
			dependencies = (
				AA7000000000000000000001 /* PBXTargetDependency */,
			);
			fileSystemSynchronizedGroups = (
				AA3000000000000000000001 /* App */,
				AA3000000000000000000002 /* UI */,
				AA3000000000000000000003 /* Data */,
				AA3000000000000000000004 /* Elevation */,
				AA3000000000000000000005 /* Startup */,
				AA3000000000000000000006 /* Shared */,
			);
			name = TaskManager;
			productName = TaskManager;
			productReference = AA2000000000000000000004 /* TaskManager.app */;
			productType = "com.apple.product-type.application";
		};
		AA5000000000000000000002 /* TaskManagerDaemon */ = {
			isa = PBXNativeTarget;
			buildConfigurationList = AA8000000000000000000023 /* Build configuration list for PBXNativeTarget "TaskManagerDaemon" */;
			buildPhases = (
				AA6000000000000000000011 /* Sources */,
				AA6000000000000000000012 /* Frameworks */,
				AA6000000000000000000013 /* Resources */,
			);
			buildRules = (
			);
			dependencies = (
			);
			fileSystemSynchronizedGroups = (
				AA3000000000000000000007 /* Daemon */,
				AA3000000000000000000006 /* Shared */,
			);
			name = TaskManagerDaemon;
			productName = TaskManagerDaemon;
			productReference = AA2000000000000000000005 /* TaskManagerDaemon */;
			productType = "com.apple.product-type.tool";
		};
		AA5000000000000000000003 /* TaskManagerTests */ = {
			isa = PBXNativeTarget;
			buildConfigurationList = AA8000000000000000000033 /* Build configuration list for PBXNativeTarget "TaskManagerTests" */;
			buildPhases = (
				AA6000000000000000000021 /* Sources */,
				AA6000000000000000000022 /* Frameworks */,
				AA6000000000000000000023 /* Resources */,
			);
			buildRules = (
			);
			dependencies = (
				AA7000000000000000000003 /* PBXTargetDependency */,
			);
			fileSystemSynchronizedGroups = (
				AA3000000000000000000008 /* TaskManagerTests */,
			);
			name = TaskManagerTests;
			productName = TaskManagerTests;
			productReference = AA2000000000000000000006 /* TaskManagerTests.xctest */;
			productType = "com.apple.product-type.bundle.unit-test";
		};
/* End PBXNativeTarget section */

/* Begin PBXProject section */
		AA1000000000000000000001 /* Project object */ = {
			isa = PBXProject;
			attributes = {
				BuildIndependentTargetsInParallel = 1;
				LastSwiftUpgradeCheck = 1620;
				LastUpgradeCheck = 1620;
				TargetAttributes = {
					AA5000000000000000000001 = {
						CreatedOnToolsVersion = 16.2;
					};
					AA5000000000000000000002 = {
						CreatedOnToolsVersion = 16.2;
					};
					AA5000000000000000000003 = {
						CreatedOnToolsVersion = 16.2;
					};
				};
			};
			buildConfigurationList = AA8000000000000000000003 /* Build configuration list for PBXProject "TaskManager" */;
			developmentRegion = en;
			fileSystemSynchronizedGroups = (
				AA3000000000000000000001 /* App */,
				AA3000000000000000000002 /* UI */,
				AA3000000000000000000003 /* Data */,
				AA3000000000000000000004 /* Elevation */,
				AA3000000000000000000005 /* Startup */,
				AA3000000000000000000006 /* Shared */,
				AA3000000000000000000007 /* Daemon */,
				AA3000000000000000000008 /* TaskManagerTests */,
			);
			hasScannedForEncodings = 0;
			knownRegions = (
				en,
				Base,
			);
			mainGroup = AA2000000000000000000002;
			minimizedProjectReferenceProxies = 1;
			preferredProjectObjectVersion = 77;
			productRefGroup = AA2000000000000000000003 /* Products */;
			projectDirPath = "";
			projectRoot = "";
			targets = (
				AA5000000000000000000001 /* TaskManager */,
				AA5000000000000000000002 /* TaskManagerDaemon */,
				AA5000000000000000000003 /* TaskManagerTests */,
			);
		};
/* End PBXProject section */

/* Begin PBXResourcesBuildPhase section */
		AA6000000000000000000003 /* Resources */ = {
			isa = PBXResourcesBuildPhase;
			buildActionMask = 2147483647;
			files = (
			);
			runOnlyForDeploymentPostprocessing = 0;
		};
		AA6000000000000000000013 /* Resources */ = {
			isa = PBXResourcesBuildPhase;
			buildActionMask = 2147483647;
			files = (
			);
			runOnlyForDeploymentPostprocessing = 0;
		};
		AA6000000000000000000023 /* Resources */ = {
			isa = PBXResourcesBuildPhase;
			buildActionMask = 2147483647;
			files = (
			);
			runOnlyForDeploymentPostprocessing = 0;
		};
/* End PBXResourcesBuildPhase section */

/* Begin PBXShellScriptBuildPhase section */
		AA6000000000000000000004 /* Embed privileged daemon */ = {
			isa = PBXShellScriptBuildPhase;
			buildActionMask = 2147483647;
			files = (
			);
			inputFileListPaths = (
			);
			inputPaths = (
				"$(BUILT_PRODUCTS_DIR)/TaskManagerDaemon",
				"$(PROJECT_DIR)/Daemon/com.brianwong.taskmanager.daemon.plist",
			);
			name = "Embed privileged daemon";
			outputFileListPaths = (
			);
			outputPaths = (
				"$(TARGET_BUILD_DIR)/$(CONTENTS_FOLDER_PATH)/Library/LaunchDaemons/TaskManagerDaemon",
				"$(TARGET_BUILD_DIR)/$(CONTENTS_FOLDER_PATH)/Library/LaunchDaemons/com.brianwong.taskmanager.daemon.plist",
			);
			runOnlyForDeploymentPostprocessing = 0;
			shellPath = /bin/sh;
			shellScript = "# Embed the SMAppService daemon: binary + launchd plist must live in\n# Contents/Library/LaunchDaemons of the app bundle (spec §1, §6).\nset -e\nDEST=\"${TARGET_BUILD_DIR}/${CONTENTS_FOLDER_PATH}/Library/LaunchDaemons\"\nmkdir -p \"$DEST\"\ncp \"${BUILT_PRODUCTS_DIR}/TaskManagerDaemon\" \"$DEST/\"\ncp \"${PROJECT_DIR}/Daemon/com.brianwong.taskmanager.daemon.plist\" \"$DEST/\"\n";
		};
/* End PBXShellScriptBuildPhase section */

/* Begin PBXSourcesBuildPhase section */
		AA6000000000000000000001 /* Sources */ = {
			isa = PBXSourcesBuildPhase;
			buildActionMask = 2147483647;
			files = (
			);
			runOnlyForDeploymentPostprocessing = 0;
		};
		AA6000000000000000000011 /* Sources */ = {
			isa = PBXSourcesBuildPhase;
			buildActionMask = 2147483647;
			files = (
			);
			runOnlyForDeploymentPostprocessing = 0;
		};
		AA6000000000000000000021 /* Sources */ = {
			isa = PBXSourcesBuildPhase;
			buildActionMask = 2147483647;
			files = (
			);
			runOnlyForDeploymentPostprocessing = 0;
		};
/* End PBXSourcesBuildPhase section */

/* Begin PBXTargetDependency section */
		AA7000000000000000000001 /* PBXTargetDependency */ = {
			isa = PBXTargetDependency;
			target = AA5000000000000000000002 /* TaskManagerDaemon */;
			targetProxy = AA7000000000000000000002 /* PBXContainerItemProxy */;
		};
		AA7000000000000000000003 /* PBXTargetDependency */ = {
			isa = PBXTargetDependency;
			target = AA5000000000000000000001 /* TaskManager */;
			targetProxy = AA7000000000000000000004 /* PBXContainerItemProxy */;
		};
/* End PBXTargetDependency section */

/* Begin XCBuildConfiguration section */
		AA8000000000000000000001 /* Debug */ = {
			isa = XCBuildConfiguration;
			baseConfigurationReference = AA2000000000000000000007 /* Signing.xcconfig */;
			buildSettings = {
				ALWAYS_SEARCH_USER_PATHS = NO;
				ASSETCATALOG_COMPILER_GENERATE_SWIFT_ASSET_SYMBOL_EXTENSIONS = YES;
				CLANG_ANALYZER_NONNULL = YES;
				CLANG_ANALYZER_NUMBER_OBJECT_CONVERSION = YES_AGGRESSIVE;
				CLANG_CXX_LANGUAGE_STANDARD = "gnu++20";
				CLANG_ENABLE_MODULES = YES;
				CLANG_ENABLE_OBJC_ARC = YES;
				CLANG_ENABLE_OBJC_WEAK = YES;
				CLANG_WARN_BLOCK_CAPTURE_AUTORELEASING = YES;
				CLANG_WARN_BOOL_CONVERSION = YES;
				CLANG_WARN_COMMA = YES;
				CLANG_WARN_CONSTANT_CONVERSION = YES;
				CLANG_WARN_DEPRECATED_OBJC_IMPLEMENTATIONS = YES;
				CLANG_WARN_DIRECT_OBJC_ISA_USAGE = YES_ERROR;
				CLANG_WARN_DOCUMENTATION_COMMENTS = YES;
				CLANG_WARN_EMPTY_BODY = YES;
				CLANG_WARN_ENUM_CONVERSION = YES;
				CLANG_WARN_INFINITE_RECURSION = YES;
				CLANG_WARN_INT_CONVERSION = YES;
				CLANG_WARN_NON_LITERAL_NULL_CONVERSION = YES;
				CLANG_WARN_OBJC_IMPLICIT_RETAIN_SELF = YES;
				CLANG_WARN_OBJC_LITERAL_CONVERSION = YES;
				CLANG_WARN_OBJC_ROOT_CLASS = YES_ERROR;
				CLANG_WARN_QUOTED_INCLUDE_IN_FRAMEWORK_HEADER = YES;
				CLANG_WARN_RANGE_LOOP_ANALYSIS = YES;
				CLANG_WARN_STRICT_PROTOTYPES = YES;
				CLANG_WARN_SUSPICIOUS_MOVE = YES;
				CLANG_WARN_UNGUARDED_AVAILABILITY = YES_AGGRESSIVE;
				CLANG_WARN_UNREACHABLE_CODE = YES;
				CLANG_WARN__DUPLICATE_METHOD_MATCH = YES;
				COPY_PHASE_STRIP = NO;
				DEBUG_INFORMATION_FORMAT = dwarf;
				ENABLE_STRICT_OBJC_MSGSEND = YES;
				ENABLE_TESTABILITY = YES;
				ENABLE_USER_SCRIPT_SANDBOXING = NO;
				GCC_C_LANGUAGE_STANDARD = gnu17;
				GCC_DYNAMIC_NO_PIC = NO;
				GCC_NO_COMMON_BLOCKS = YES;
				GCC_OPTIMIZATION_LEVEL = 0;
				GCC_PREPROCESSOR_DEFINITIONS = (
					"DEBUG=1",
					"$(inherited)",
				);
				GCC_WARN_64_TO_32_BIT_CONVERSION = YES;
				GCC_WARN_ABOUT_RETURN_TYPE = YES_ERROR;
				GCC_WARN_UNDECLARED_SELECTOR = YES;
				GCC_WARN_UNINITIALIZED_AUTOS = YES_AGGRESSIVE;
				GCC_WARN_UNUSED_FUNCTION = YES;
				GCC_WARN_UNUSED_VARIABLE = YES;
				MACOSX_DEPLOYMENT_TARGET = 13.0;
				MTL_ENABLE_DEBUG_INFO = INCLUDE_SOURCE;
				MTL_FAST_MATH = YES;
				ONLY_ACTIVE_ARCH = YES;
				SDKROOT = macosx;
				SWIFT_ACTIVE_COMPILATION_CONDITIONS = "DEBUG $(inherited)";
				SWIFT_OPTIMIZATION_LEVEL = "-Onone";
			};
			name = Debug;
		};
		AA8000000000000000000002 /* Release */ = {
			isa = XCBuildConfiguration;
			baseConfigurationReference = AA2000000000000000000007 /* Signing.xcconfig */;
			buildSettings = {
				ALWAYS_SEARCH_USER_PATHS = NO;
				ASSETCATALOG_COMPILER_GENERATE_SWIFT_ASSET_SYMBOL_EXTENSIONS = YES;
				CLANG_ANALYZER_NONNULL = YES;
				CLANG_ANALYZER_NUMBER_OBJECT_CONVERSION = YES_AGGRESSIVE;
				CLANG_CXX_LANGUAGE_STANDARD = "gnu++20";
				CLANG_ENABLE_MODULES = YES;
				CLANG_ENABLE_OBJC_ARC = YES;
				CLANG_ENABLE_OBJC_WEAK = YES;
				CLANG_WARN_BLOCK_CAPTURE_AUTORELEASING = YES;
				CLANG_WARN_BOOL_CONVERSION = YES;
				CLANG_WARN_COMMA = YES;
				CLANG_WARN_CONSTANT_CONVERSION = YES;
				CLANG_WARN_DEPRECATED_OBJC_IMPLEMENTATIONS = YES;
				CLANG_WARN_DIRECT_OBJC_ISA_USAGE = YES_ERROR;
				CLANG_WARN_DOCUMENTATION_COMMENTS = YES;
				CLANG_WARN_EMPTY_BODY = YES;
				CLANG_WARN_ENUM_CONVERSION = YES;
				CLANG_WARN_INFINITE_RECURSION = YES;
				CLANG_WARN_INT_CONVERSION = YES;
				CLANG_WARN_NON_LITERAL_NULL_CONVERSION = YES;
				CLANG_WARN_OBJC_IMPLICIT_RETAIN_SELF = YES;
				CLANG_WARN_OBJC_LITERAL_CONVERSION = YES;
				CLANG_WARN_OBJC_ROOT_CLASS = YES_ERROR;
				CLANG_WARN_QUOTED_INCLUDE_IN_FRAMEWORK_HEADER = YES;
				CLANG_WARN_RANGE_LOOP_ANALYSIS = YES;
				CLANG_WARN_STRICT_PROTOTYPES = YES;
				CLANG_WARN_SUSPICIOUS_MOVE = YES;
				CLANG_WARN_UNGUARDED_AVAILABILITY = YES_AGGRESSIVE;
				CLANG_WARN_UNREACHABLE_CODE = YES;
				CLANG_WARN__DUPLICATE_METHOD_MATCH = YES;
				COPY_PHASE_STRIP = NO;
				DEBUG_INFORMATION_FORMAT = "dwarf-with-dsym";
				ENABLE_NS_ASSERTIONS = NO;
				ENABLE_STRICT_OBJC_MSGSEND = YES;
				ENABLE_USER_SCRIPT_SANDBOXING = NO;
				GCC_C_LANGUAGE_STANDARD = gnu17;
				GCC_NO_COMMON_BLOCKS = YES;
				GCC_WARN_64_TO_32_BIT_CONVERSION = YES;
				GCC_WARN_ABOUT_RETURN_TYPE = YES_ERROR;
				GCC_WARN_UNDECLARED_SELECTOR = YES;
				GCC_WARN_UNINITIALIZED_AUTOS = YES_AGGRESSIVE;
				GCC_WARN_UNUSED_FUNCTION = YES;
				GCC_WARN_UNUSED_VARIABLE = YES;
				MACOSX_DEPLOYMENT_TARGET = 13.0;
				MTL_ENABLE_DEBUG_INFO = NO;
				MTL_FAST_MATH = YES;
				SDKROOT = macosx;
				SWIFT_COMPILATION_MODE = wholemodule;
			};
			name = Release;
		};
		AA8000000000000000000011 /* Debug */ = {
			isa = XCBuildConfiguration;
			buildSettings = {
				ASSETCATALOG_COMPILER_APPICON_NAME = AppIcon;
				ASSETCATALOG_COMPILER_GLOBAL_ACCENT_COLOR_NAME = AccentColor;
				CODE_SIGN_ENTITLEMENTS = App/TaskManager.entitlements;
				CODE_SIGN_STYLE = Automatic;
				COMBINE_HIDPI_IMAGES = YES;
				CURRENT_PROJECT_VERSION = 1;
				ENABLE_HARDENED_RUNTIME = YES;
				SWIFT_OBJC_BRIDGING_HEADER = "App/TaskManager-Bridging-Header.h";
				INFOPLIST_FILE = App/Info.plist;
				INFOPLIST_KEY_CFBundleDisplayName = "Task Manager";
				INFOPLIST_KEY_NSHumanReadableCopyright = "Copyright © 2026 Brian Wong. All rights reserved.";
				LD_RUNPATH_SEARCH_PATHS = (
					"$(inherited)",
					"@executable_path/../Frameworks",
				);
				MARKETING_VERSION = 1.0;
				PRODUCT_BUNDLE_IDENTIFIER = com.brianwong.taskmanager;
				PRODUCT_NAME = "$(TARGET_NAME)";
				SWIFT_EMIT_LOC_STRINGS = YES;
				SWIFT_VERSION = 6.0;
			};
			name = Debug;
		};
		AA8000000000000000000012 /* Release */ = {
			isa = XCBuildConfiguration;
			buildSettings = {
				ASSETCATALOG_COMPILER_APPICON_NAME = AppIcon;
				ASSETCATALOG_COMPILER_GLOBAL_ACCENT_COLOR_NAME = AccentColor;
				CODE_SIGN_ENTITLEMENTS = App/TaskManager.entitlements;
				CODE_SIGN_STYLE = Automatic;
				COMBINE_HIDPI_IMAGES = YES;
				CURRENT_PROJECT_VERSION = 1;
				ENABLE_HARDENED_RUNTIME = YES;
				SWIFT_OBJC_BRIDGING_HEADER = "App/TaskManager-Bridging-Header.h";
				INFOPLIST_FILE = App/Info.plist;
				INFOPLIST_KEY_CFBundleDisplayName = "Task Manager";
				INFOPLIST_KEY_NSHumanReadableCopyright = "Copyright © 2026 Brian Wong. All rights reserved.";
				LD_RUNPATH_SEARCH_PATHS = (
					"$(inherited)",
					"@executable_path/../Frameworks",
				);
				MARKETING_VERSION = 1.0;
				PRODUCT_BUNDLE_IDENTIFIER = com.brianwong.taskmanager;
				PRODUCT_NAME = "$(TARGET_NAME)";
				SWIFT_EMIT_LOC_STRINGS = YES;
				SWIFT_VERSION = 6.0;
			};
			name = Release;
		};
		AA8000000000000000000021 /* Debug */ = {
			isa = XCBuildConfiguration;
			buildSettings = {
				CODE_SIGN_ENTITLEMENTS = Daemon/TaskManagerDaemon.entitlements;
				CODE_SIGN_STYLE = Automatic;
				CURRENT_PROJECT_VERSION = 1;
				ENABLE_HARDENED_RUNTIME = YES;
				SWIFT_OBJC_BRIDGING_HEADER = "Daemon/Daemon-Bridging-Header.h";
				INFOPLIST_FILE = Daemon/Info.plist;
				LD_RUNPATH_SEARCH_PATHS = (
					"$(inherited)",
					"@executable_path/../Frameworks",
				);
				MARKETING_VERSION = 1.0;
				PRODUCT_BUNDLE_IDENTIFIER = com.brianwong.taskmanager.daemon;
				PRODUCT_NAME = "$(TARGET_NAME)";
				SKIP_INSTALL = YES;
				SWIFT_VERSION = 6.0;
			};
			name = Debug;
		};
		AA8000000000000000000022 /* Release */ = {
			isa = XCBuildConfiguration;
			buildSettings = {
				CODE_SIGN_ENTITLEMENTS = Daemon/TaskManagerDaemon.entitlements;
				CODE_SIGN_STYLE = Automatic;
				CURRENT_PROJECT_VERSION = 1;
				ENABLE_HARDENED_RUNTIME = YES;
				SWIFT_OBJC_BRIDGING_HEADER = "Daemon/Daemon-Bridging-Header.h";
				INFOPLIST_FILE = Daemon/Info.plist;
				LD_RUNPATH_SEARCH_PATHS = (
					"$(inherited)",
					"@executable_path/../Frameworks",
				);
				MARKETING_VERSION = 1.0;
				PRODUCT_BUNDLE_IDENTIFIER = com.brianwong.taskmanager.daemon;
				PRODUCT_NAME = "$(TARGET_NAME)";
				SKIP_INSTALL = YES;
				SWIFT_VERSION = 6.0;
			};
			name = Release;
		};
		AA8000000000000000000031 /* Debug */ = {
			isa = XCBuildConfiguration;
			buildSettings = {
				BUNDLE_LOADER = "$(TEST_HOST)";
				CODE_SIGN_STYLE = Automatic;
				CURRENT_PROJECT_VERSION = 1;
				GENERATE_INFOPLIST_FILE = YES;
				MARKETING_VERSION = 1.0;
				PRODUCT_BUNDLE_IDENTIFIER = com.brianwong.taskmanager.tests;
				PRODUCT_NAME = "$(TARGET_NAME)";
				SWIFT_EMIT_LOC_STRINGS = NO;
				SWIFT_VERSION = 6.0;
				TEST_HOST = "$(BUILT_PRODUCTS_DIR)/TaskManager.app/$(BUNDLE_EXECUTABLE_FOLDER_PATH)/TaskManager";
			};
			name = Debug;
		};
		AA8000000000000000000032 /* Release */ = {
			isa = XCBuildConfiguration;
			buildSettings = {
				BUNDLE_LOADER = "$(TEST_HOST)";
				CODE_SIGN_STYLE = Automatic;
				CURRENT_PROJECT_VERSION = 1;
				GENERATE_INFOPLIST_FILE = YES;
				MARKETING_VERSION = 1.0;
				PRODUCT_BUNDLE_IDENTIFIER = com.brianwong.taskmanager.tests;
				PRODUCT_NAME = "$(TARGET_NAME)";
				SWIFT_EMIT_LOC_STRINGS = NO;
				SWIFT_VERSION = 6.0;
				TEST_HOST = "$(BUILT_PRODUCTS_DIR)/TaskManager.app/$(BUNDLE_EXECUTABLE_FOLDER_PATH)/TaskManager";
			};
			name = Release;
		};
/* End XCBuildConfiguration section */

/* Begin XCConfigurationList section */
		AA8000000000000000000003 /* Build configuration list for PBXProject "TaskManager" */ = {
			isa = XCConfigurationList;
			buildConfigurations = (
				AA8000000000000000000001 /* Debug */,
				AA8000000000000000000002 /* Release */,
			);
			defaultConfigurationIsVisible = 0;
			defaultConfigurationName = Release;
		};
		AA8000000000000000000013 /* Build configuration list for PBXNativeTarget "TaskManager" */ = {
			isa = XCConfigurationList;
			buildConfigurations = (
				AA8000000000000000000011 /* Debug */,
				AA8000000000000000000012 /* Release */,
			);
			defaultConfigurationIsVisible = 0;
			defaultConfigurationName = Release;
		};
		AA8000000000000000000023 /* Build configuration list for PBXNativeTarget "TaskManagerDaemon" */ = {
			isa = XCConfigurationList;
			buildConfigurations = (
				AA8000000000000000000021 /* Debug */,
				AA8000000000000000000022 /* Release */,
			);
			defaultConfigurationIsVisible = 0;
			defaultConfigurationName = Release;
		};
		AA8000000000000000000033 /* Build configuration list for PBXNativeTarget "TaskManagerTests" */ = {
			isa = XCConfigurationList;
			buildConfigurations = (
				AA8000000000000000000031 /* Debug */,
				AA8000000000000000000032 /* Release */,
			);
			defaultConfigurationIsVisible = 0;
			defaultConfigurationName = Release;
		};
/* End XCConfigurationList section */
	};
	rootObject = AA1000000000000000000001 /* Project object */;
}
